Microsoft Visual Studio Solution File, Format Version 11.00
# Visual Studio 2008

Project("{9386DC10-79DB-602A-AF10-F056B2C772F7}") = "ZombieAssault", "Assembly-CSharp.csproj", "{182126A1-A9A8-7F34-5B14-DADAD31A2166}"
EndProject
Global
	GlobalSection(SolutionConfigurationPlatforms) = preSolution
		Debug|Any CPU = Debug|Any CPU
		Release|Any CPU = Release|Any CPU
	EndGlobalSection
	GlobalSection(ProjectConfigurationPlatforms) = postSolution
		{182126A1-A9A8-7F34-5B14-DADAD31A2166}.Debug|Any CPU.ActiveCfg = Debug|Any CPU
		{182126A1-A9A8-7F34-5B14-DADAD31A2166}.Debug|Any CPU.Build.0 = Debug|Any CPU
		{182126A1-A9A8-7F34-5B14-DADAD31A2166}.Release|Any CPU.ActiveCfg = Release|Any CPU
		{182126A1-A9A8-7F34-5B14-DADAD31A2166}.Release|Any CPU.Build.0 = Release|Any CPU
	EndGlobalSection
	GlobalSection(SolutionProperties) = preSolution
		HideSolutionNode = FALSE
	EndGlobalSection
	GlobalSection(MonoDevelopProperties) = preSolution
		StartupItem = Assembly-CSharp.csproj
	EndGlobalSection
EndGlobal
